{
  "name": "xueban-qianduan",
  "lockfileVersion": 3,
  "requires": true,
  "packages": {
    "": {
      "dependencies": {
        "markdown-it-mathjax": "^2.0.0"
      }
    },
    "node_modules/markdown-it-mathjax": {
      "version": "2.0.0",
      "resolved": "https://registry.npmmirror.com/markdown-it-mathjax/-/markdown-it-mathjax-2.0.0.tgz",
      "integrity": "sha512-Fafv7TnMENccWYTNjMZzV4BzONPxpK9Mknr1iMEK6m7PI5a5UTCOFctPzx7Nhv81fFzYEY8WHDkSu9n43fTV9g==",
      "license": "ISC"
    }
  }
}
